{
  "pins" : [
    {
      "identity" : "rxswift",
      "kind" : "remoteSourceControl",
      "location" : "https://github.com/ReactiveX/RxSwift.git",
      "state" : {
        "branch" : "6.6.0",
        "revision" : "9dcaa4b333db437b0fbfaf453fad29069044a8b4"
      }
    },
    {
      "identity" : "swift-can",
      "kind" : "remoteSourceControl",
      "location" : "https://github.com/Automotive-Swift/Swift-CAN",
      "state" : {
        "branch" : "master",
        "revision" : "5ade8df1a9f352bda038c8f4a270f8216dc2e2cf"
      }
    },
    {
      "identity" : "swift-socketcan",
      "kind" : "remoteSourceControl",
      "location" : "https://github.com/AutomotiveSwift/Swift-SocketCAN.git",
      "state" : {
        "branch" : "master",
        "revision" : "6458b7ac0a57f488d658594e672b775fb7e20248"
      }
    }
  ],
  "version" : 2
}
