{
  "pins" : [
    {
      "identity" : "appbootstrapkit",
      "kind" : "remoteSourceControl",
      "location" : "https://github.com/CmST0us/AppBootstrapKit.git",
      "state" : {
        "branch" : "main",
        "revision" : "34e0d3618936e6d657ebdae919947988d770eb47"
      }
    },
    {
      "identity" : "rxswift",
      "kind" : "remoteSourceControl",
      "location" : "https://github.com/ReactiveX/RxSwift.git",
      "state" : {
        "branch" : "6.6.0",
        "revision" : "9dcaa4b333db437b0fbfaf453fad29069044a8b4"
      }
    },
    {
      "identity" : "swift-can",
      "kind" : "remoteSourceControl",
      "location" : "https://github.com/Automotive-Swift/Swift-CAN",
      "state" : {
        "branch" : "master",
        "revision" : "5ade8df1a9f352bda038c8f4a270f8216dc2e2cf"
      }
    },
    {
      "identity" : "swift-socketcan",
      "kind" : "remoteSourceControl",
      "location" : "https://github.com/AutomotiveSwift/Swift-SocketCAN.git",
      "state" : {
        "branch" : "master",
        "revision" : "6458b7ac0a57f488d658594e672b775fb7e20248"
      }
    },
    {
      "identity" : "swiftimgui",
      "kind" : "remoteSourceControl",
      "location" : "https://github.com/ctreffs/SwiftImGui.git",
      "state" : {
        "branch" : "1.89.5",
        "revision" : "c81197496f9227001fd5531673604a6f29f880b1"
      }
    }
  ],
  "version" : 2
}
